
Microsoft Visual Studio Solution File, Format Version 12.00
# Visual Studio Version 16
VisualStudioVersion = 16.0.30717.126
MinimumVisualStudioVersion = 10.0.40219.1
Project("{FAE04EC0-301F-11D3-BF4B-00C04F79EFBC}") = "PhoneXamarinAndroid", "PhoneXamarinAndroid\PhoneXamarinAndroid.csproj", "{DD321058-087E-4706-8F09-368C134725F5}"
EndProject
Global
	GlobalSection(SolutionConfigurationPlatforms) = preSolution
		Debug|Any CPU = Debug|Any CPU
		Release|Any CPU = Release|Any CPU
	EndGlobalSection
	GlobalSection(ProjectConfigurationPlatforms) = postSolution
		{DD321058-087E-4706-8F09-368C134725F5}.Debug|Any CPU.ActiveCfg = Debug|Any CPU
		{DD321058-087E-4706-8F09-368C134725F5}.Debug|Any CPU.Build.0 = Debug|Any CPU
		{DD321058-087E-4706-8F09-368C134725F5}.Debug|Any CPU.Deploy.0 = Debug|Any CPU
		{DD321058-087E-4706-8F09-368C134725F5}.Release|Any CPU.ActiveCfg = Release|Any CPU
		{DD321058-087E-4706-8F09-368C134725F5}.Release|Any CPU.Build.0 = Release|Any CPU
		{DD321058-087E-4706-8F09-368C134725F5}.Release|Any CPU.Deploy.0 = Release|Any CPU
	EndGlobalSection
	GlobalSection(SolutionProperties) = preSolution
		HideSolutionNode = FALSE
	EndGlobalSection
	GlobalSection(ExtensibilityGlobals) = postSolution
		SolutionGuid = {DDAAB9B8-B1C3-4577-B48E-5491953BF7D3}
	EndGlobalSection
EndGlobal
